{
  "nodes": {
    "emacs-claude-code-ide": {
      "flake": false,
      "locked": {
        "lastModified": 1780335122,
        "narHash": "sha256-6kaTPI2CCsdxxiCpZ7qqciv/HJCQRsJ8084+SqW8Idc=",
        "owner": "manzaltu",
        "repo": "claude-code-ide.el",
        "rev": "a9485f766ea69f6cb3a3f08dea20d44fd6596673",
        "type": "github"
      },
      "original": {
        "owner": "manzaltu",
        "repo": "claude-code-ide.el",
        "type": "github"
      }
    },
    "emacs-overlay": {
      "inputs": {
        "nixpkgs": [
          "nixpkgs"
        ],
        "nixpkgs-stable": "nixpkgs-stable"
      },
      "locked": {
        "lastModified": 1782531961,
        "narHash": "sha256-nJ0B7vHj2M3b3g02sOkSVQq+5u4Bd7lCCO4eQTAC2kM=",
        "owner": "nix-community",
        "repo": "emacs-overlay",
        "rev": "1e417334dd66ea4b6862bb023424cb1a227b4af8",
        "type": "github"
      },
      "original": {
        "owner": "nix-community",
        "repo": "emacs-overlay",
        "type": "github"
      }
    },
    "emacs-swift-development": {
      "flake": false,
      "locked": {
        "lastModified": 1772009040,
        "narHash": "sha256-zJI4b1xwexjFnlVMi6pg/AjG9nXBx5kh2QdsB5BwGuw=",
        "owner": "konrad1977",
        "repo": "swift-development",
        "rev": "3fbb8c7a1b5d2c73375fc3275f0007109299b432",
        "type": "github"
      },
      "original": {
        "owner": "konrad1977",
        "repo": "swift-development",
        "type": "github"
      }
    },
    "flake-parts": {
      "inputs": {
        "nixpkgs-lib": [
          "nixpkgs"
        ]
      },
      "locked": {
        "lastModified": 1778716662,
        "narHash": "sha256-m1Yf0wZ8j1OHjTc2UwHwyQRSnNeSgLJOd7q5Y45hzi4=",
        "owner": "hercules-ci",
        "repo": "flake-parts",
        "rev": "f7c1a2d347e4c52d5fb8d10cb4d94b5884e546fb",
        "type": "github"
      },
      "original": {
        "owner": "hercules-ci",
        "repo": "flake-parts",
        "type": "github"
      }
    },
    "nix-wrapper-modules": {
      "inputs": {
        "nixpkgs": [
          "nixpkgs"
        ]
      },
      "locked": {
        "lastModified": 1782135443,
        "narHash": "sha256-vAmbArdCyjqpVW+37aCy/PMBOLIqukUXLQuEKLwUhA4=",
        "owner": "BirdeeHub",
        "repo": "nix-wrapper-modules",
        "rev": "6e7f66fa2cdf4d63162580b438f7fcf87c28a46f",
        "type": "github"
      },
      "original": {
        "owner": "BirdeeHub",
        "repo": "nix-wrapper-modules",
        "type": "github"
      }
    },
    "nixpkgs": {
      "locked": {
        "lastModified": 1782467914,
        "narHash": "sha256-pGvFkM8N0xEkIIXDe5YYfbEAvHrk4IxBrjB/x8OomhE=",
        "owner": "nixos",
        "repo": "nixpkgs",
        "rev": "e73de5be04e0eff4190a1432b946d469c794e7b4",
        "type": "github"
      },
      "original": {
        "owner": "nixos",
        "ref": "nixos-unstable",
        "repo": "nixpkgs",
        "type": "github"
      }
    },
    "nixpkgs-stable": {
      "locked": {
        "lastModified": 1782375420,
        "narHash": "sha256-wiPYmEuHbJvleW489n6+lamL7JSJg3pcKUYwURU9CkI=",
        "owner": "NixOS",
        "repo": "nixpkgs",
        "rev": "4062d36ebeae843c750011eef6b61ec9a9dbc9a9",
        "type": "github"
      },
      "original": {
        "owner": "NixOS",
        "ref": "nixos-26.05",
        "repo": "nixpkgs",
        "type": "github"
      }
    },
    "org-babel": {
      "locked": {
        "lastModified": 1781216126,
        "narHash": "sha256-f1OICjF3pdRb89ackr20ulKJeTfGnQKXns2mgxOxE00=",
        "owner": "emacs-twist",
        "repo": "org-babel",
        "rev": "e39a14ee977472e15c1c3019b7e00c0da9ecbaa2",
        "type": "github"
      },
      "original": {
        "owner": "emacs-twist",
        "repo": "org-babel",
        "type": "github"
      }
    },
    "plugins-agentic-nvim": {
      "flake": false,
      "locked": {
        "lastModified": 1781183306,
        "narHash": "sha256-ZT1ME4E8jwC6DPLVpEgCudL8go91q7PkfJn5ylajmYA=",
        "owner": "carlos-algms",
        "repo": "agentic.nvim",
        "rev": "a19fee663aa8be5f46f0af6fc0b46427b0e75cf2",
        "type": "github"
      },
      "original": {
        "owner": "carlos-algms",
        "repo": "agentic.nvim",
        "type": "github"
      }
    },
    "plugins-compile-nvim": {
      "flake": false,
      "locked": {
        "lastModified": 1759286049,
        "narHash": "sha256-DE1aWdIY+DxraVAuA0aU3qL6BtGyUWrobdzTcSoYjK4=",
        "owner": "pohlrabi404",
        "repo": "compile.nvim",
        "rev": "3003da28a3c021d740a1b9591ee421ee4a1dd622",
        "type": "github"
      },
      "original": {
        "owner": "pohlrabi404",
        "repo": "compile.nvim",
        "type": "github"
      }
    },
    "plugins-tiny-code-action-nvim": {
      "flake": false,
      "locked": {
        "lastModified": 1777075455,
        "narHash": "sha256-UF9zeO5Uujdt2MEwy2d2Lhk6JRnEN4vrEvYslv0/zaA=",
        "owner": "rachartier",
        "repo": "tiny-code-action.nvim",
        "rev": "0d040ed81f7953118b81cd12681fcdfcac069803",
        "type": "github"
      },
      "original": {
        "owner": "rachartier",
        "repo": "tiny-code-action.nvim",
        "type": "github"
      }
    },
    "root": {
      "inputs": {
        "emacs-claude-code-ide": "emacs-claude-code-ide",
        "emacs-overlay": "emacs-overlay",
        "emacs-swift-development": "emacs-swift-development",
        "flake-parts": "flake-parts",
        "nix-wrapper-modules": "nix-wrapper-modules",
        "nixpkgs": "nixpkgs",
        "org-babel": "org-babel",
        "plugins-agentic-nvim": "plugins-agentic-nvim",
        "plugins-compile-nvim": "plugins-compile-nvim",
        "plugins-tiny-code-action-nvim": "plugins-tiny-code-action-nvim",
        "systems": "systems"
      }
    },
    "systems": {
      "locked": {
        "lastModified": 1681028828,
        "narHash": "sha256-Vy1rq5AaRuLzOxct8nz4T6wlgyUR7zLU309k9mBC768=",
        "owner": "nix-systems",
        "repo": "default",
        "rev": "da67096a3b9bf56a91d16901293e51ba5b49a27e",
        "type": "github"
      },
      "original": {
        "owner": "nix-systems",
        "repo": "default",
        "type": "github"
      }
    }
  },
  "root": "root",
  "version": 7
}
